
Microsoft Visual Studio Solution File, Format Version 12.00
# Visual Studio Version 17
VisualStudioVersion = 17.11.35327.3
MinimumVisualStudioVersion = 10.0.40219.1
Project("{FAE04EC0-301F-11D3-BF4B-00C04F79EFBC}") = "kt9", "kt9\kt9.csproj", "{F9F0F53A-9B29-477B-80C8-257C6ABD19FB}"
EndProject
Global
	GlobalSection(SolutionConfigurationPlatforms) = preSolution
		Debug|Any CPU = Debug|Any CPU
		Release|Any CPU = Release|Any CPU
	EndGlobalSection
	GlobalSection(ProjectConfigurationPlatforms) = postSolution
		{F9F0F53A-9B29-477B-80C8-257C6ABD19FB}.Debug|Any CPU.ActiveCfg = Debug|Any CPU
		{F9F0F53A-9B29-477B-80C8-257C6ABD19FB}.Debug|Any CPU.Build.0 = Debug|Any CPU
		{F9F0F53A-9B29-477B-80C8-257C6ABD19FB}.Release|Any CPU.ActiveCfg = Release|Any CPU
		{F9F0F53A-9B29-477B-80C8-257C6ABD19FB}.Release|Any CPU.Build.0 = Release|Any CPU
	EndGlobalSection
	GlobalSection(SolutionProperties) = preSolution
		HideSolutionNode = FALSE
	EndGlobalSection
	GlobalSection(ExtensibilityGlobals) = postSolution
		SolutionGuid = {B6056F8E-2772-4923-821E-E13804B30C69}
	EndGlobalSection
EndGlobal
